
Microsoft Visual Studio Solution File, Format Version 12.00
# Visual Studio Version 17
VisualStudioVersion = 17.6.33829.357
MinimumVisualStudioVersion = 10.0.40219.1
Project("{9A19103F-16F7-4668-BE54-9A1E7A4F7556}") = "WinForm.KitapAlintilari", "WinForm.KitapAlintilari.csproj", "{B2AEB4E9-A0B2-462C-94F7-DDBBED4365EC}"
EndProject
Global
	GlobalSection(SolutionConfigurationPlatforms) = preSolution
		Debug|Any CPU = Debug|Any CPU
		Release|Any CPU = Release|Any CPU
	EndGlobalSection
	GlobalSection(ProjectConfigurationPlatforms) = postSolution
		{B2AEB4E9-A0B2-462C-94F7-DDBBED4365EC}.Debug|Any CPU.ActiveCfg = Debug|Any CPU
		{B2AEB4E9-A0B2-462C-94F7-DDBBED4365EC}.Debug|Any CPU.Build.0 = Debug|Any CPU
		{B2AEB4E9-A0B2-462C-94F7-DDBBED4365EC}.Release|Any CPU.ActiveCfg = Release|Any CPU
		{B2AEB4E9-A0B2-462C-94F7-DDBBED4365EC}.Release|Any CPU.Build.0 = Release|Any CPU
	EndGlobalSection
	GlobalSection(SolutionProperties) = preSolution
		HideSolutionNode = FALSE
	EndGlobalSection
	GlobalSection(ExtensibilityGlobals) = postSolution
		SolutionGuid = {C8F369A6-406B-457B-B3B1-5E2AC978A995}
	EndGlobalSection
EndGlobal
